{
  "name": "BBL",
  "lockfileVersion": 3,
  "requires": true,
  "packages": {
    "": {
      "dependencies": {
        "opencode-ponytail": "^4.7.3"
      },
      "devDependencies": {
        "@dietrichgebert/ponytail": "^4.8.4"
      }
    },
    "node_modules/@dietrichgebert/ponytail": {
      "version": "4.8.4",
      "resolved": "https://registry.npmjs.org/@dietrichgebert/ponytail/-/ponytail-4.8.4.tgz",
      "integrity": "sha512-MALDTmDxKa2SJ8zKVekuOwWvo6+PvypNf5xeV2AtLO5OBtkt1U7DLWOeUbb9Th3H9lV80EkWoRI05yK0/dnekA==",
      "dev": true,
      "license": "MIT"
    },
    "node_modules/opencode-ponytail": {
      "version": "4.7.3",
      "resolved": "https://registry.npmjs.org/opencode-ponytail/-/opencode-ponytail-4.7.3.tgz",
      "integrity": "sha512-MioIh90zpRq09nYtHaGYvScUyFdsXtyf+1NrCPxPP4ndhARvCM7DXgv3DafRd6AyRXhl2zR0lhkRgmnRtjl03A==",
      "deprecated": "Package no longer supported. Contact Support at https://www.npmjs.com/support for more info.",
      "license": "MIT"
    }
  }
}
